
Microsoft Visual Studio Solution File, Format Version 10.00
# Visual Studio 2008
Project("{FAE04EC0-301F-11D3-BF4B-00C04F79EFBC}") = "EventView", "EventView\EventView.csproj", "{313543F4-3527-4C55-B494-648F7E859262}"
EndProject
Global
	GlobalSection(SolutionConfigurationPlatforms) = preSolution
		Debug|Any CPU = Debug|Any CPU
		Release|Any CPU = Release|Any CPU
	EndGlobalSection
	GlobalSection(ProjectConfigurationPlatforms) = postSolution
		{313543F4-3527-4C55-B494-648F7E859262}.Debug|Any CPU.ActiveCfg = Debug|Any CPU
		{313543F4-3527-4C55-B494-648F7E859262}.Debug|Any CPU.Build.0 = Debug|Any CPU
		{313543F4-3527-4C55-B494-648F7E859262}.Release|Any CPU.ActiveCfg = Release|Any CPU
		{313543F4-3527-4C55-B494-648F7E859262}.Release|Any CPU.Build.0 = Release|Any CPU
	EndGlobalSection
	GlobalSection(SolutionProperties) = preSolution
		HideSolutionNode = FALSE
	EndGlobalSection
EndGlobal
