
Microsoft Visual Studio Solution File, Format Version 12.00
# Visual Studio 2013
VisualStudioVersion = 12.0.40629.0
MinimumVisualStudioVersion = 10.0.40219.1
Project("{FAE04EC0-301F-11D3-BF4B-00C04F79EFBC}") = "190530_TcpServerExWinForm", "190530_TcpServerExWinForm.csproj", "{D51E5305-CA9D-4B36-8830-C81446214954}"
EndProject
Global
	GlobalSection(SolutionConfigurationPlatforms) = preSolution
		Debug|Any CPU = Debug|Any CPU
		Release|Any CPU = Release|Any CPU
	EndGlobalSection
	GlobalSection(ProjectConfigurationPlatforms) = postSolution
		{D51E5305-CA9D-4B36-8830-C81446214954}.Debug|Any CPU.ActiveCfg = Debug|Any CPU
		{D51E5305-CA9D-4B36-8830-C81446214954}.Debug|Any CPU.Build.0 = Debug|Any CPU
		{D51E5305-CA9D-4B36-8830-C81446214954}.Release|Any CPU.ActiveCfg = Release|Any CPU
		{D51E5305-CA9D-4B36-8830-C81446214954}.Release|Any CPU.Build.0 = Release|Any CPU
	EndGlobalSection
	GlobalSection(SolutionProperties) = preSolution
		HideSolutionNode = FALSE
	EndGlobalSection
EndGlobal
