
Microsoft Visual Studio Solution File, Format Version 12.00
# Visual Studio 2013
VisualStudioVersion = 12.0.21005.1
MinimumVisualStudioVersion = 10.0.40219.1
Project("{FAE04EC0-301F-11D3-BF4B-00C04F79EFBC}") = "number1", "number1\number1.csproj", "{C68FCD61-1A63-4685-86CB-6F13C5B03896}"
EndProject
Project("{FAE04EC0-301F-11D3-BF4B-00C04F79EFBC}") = "number2", "number2\number2.csproj", "{02020F1E-C457-48C6-8A2D-E27BC740D44A}"
EndProject
Global
	GlobalSection(SolutionConfigurationPlatforms) = preSolution
		Debug|Any CPU = Debug|Any CPU
		Release|Any CPU = Release|Any CPU
	EndGlobalSection
	GlobalSection(ProjectConfigurationPlatforms) = postSolution
		{C68FCD61-1A63-4685-86CB-6F13C5B03896}.Debug|Any CPU.ActiveCfg = Debug|Any CPU
		{C68FCD61-1A63-4685-86CB-6F13C5B03896}.Debug|Any CPU.Build.0 = Debug|Any CPU
		{C68FCD61-1A63-4685-86CB-6F13C5B03896}.Release|Any CPU.ActiveCfg = Release|Any CPU
		{C68FCD61-1A63-4685-86CB-6F13C5B03896}.Release|Any CPU.Build.0 = Release|Any CPU
		{02020F1E-C457-48C6-8A2D-E27BC740D44A}.Debug|Any CPU.ActiveCfg = Debug|Any CPU
		{02020F1E-C457-48C6-8A2D-E27BC740D44A}.Debug|Any CPU.Build.0 = Debug|Any CPU
		{02020F1E-C457-48C6-8A2D-E27BC740D44A}.Release|Any CPU.ActiveCfg = Release|Any CPU
		{02020F1E-C457-48C6-8A2D-E27BC740D44A}.Release|Any CPU.Build.0 = Release|Any CPU
	EndGlobalSection
	GlobalSection(SolutionProperties) = preSolution
		HideSolutionNode = FALSE
	EndGlobalSection
EndGlobal
