
Microsoft Visual Studio Solution File, Format Version 12.00
# Visual Studio 2013
VisualStudioVersion = 12.0.21005.1
MinimumVisualStudioVersion = 10.0.40219.1
Project("{FAE04EC0-301F-11D3-BF4B-00C04F79EFBC}") = "3-Serialize_1", "3-Serialize_1\3-Serialize_1.csproj", "{136E0D0D-A13F-42B0-8F8B-643662549033}"
EndProject
Project("{FAE04EC0-301F-11D3-BF4B-00C04F79EFBC}") = "3-Serialize_2", "3-Serialize_2\3-Serialize_2.csproj", "{0D0DA3A4-3D8E-47EA-8D21-AB1AE64C46D7}"
EndProject
Global
	GlobalSection(SolutionConfigurationPlatforms) = preSolution
		Debug|Any CPU = Debug|Any CPU
		Release|Any CPU = Release|Any CPU
	EndGlobalSection
	GlobalSection(ProjectConfigurationPlatforms) = postSolution
		{136E0D0D-A13F-42B0-8F8B-643662549033}.Debug|Any CPU.ActiveCfg = Debug|Any CPU
		{136E0D0D-A13F-42B0-8F8B-643662549033}.Debug|Any CPU.Build.0 = Debug|Any CPU
		{136E0D0D-A13F-42B0-8F8B-643662549033}.Release|Any CPU.ActiveCfg = Release|Any CPU
		{136E0D0D-A13F-42B0-8F8B-643662549033}.Release|Any CPU.Build.0 = Release|Any CPU
		{0D0DA3A4-3D8E-47EA-8D21-AB1AE64C46D7}.Debug|Any CPU.ActiveCfg = Debug|Any CPU
		{0D0DA3A4-3D8E-47EA-8D21-AB1AE64C46D7}.Debug|Any CPU.Build.0 = Debug|Any CPU
		{0D0DA3A4-3D8E-47EA-8D21-AB1AE64C46D7}.Release|Any CPU.ActiveCfg = Release|Any CPU
		{0D0DA3A4-3D8E-47EA-8D21-AB1AE64C46D7}.Release|Any CPU.Build.0 = Release|Any CPU
	EndGlobalSection
	GlobalSection(SolutionProperties) = preSolution
		HideSolutionNode = FALSE
	EndGlobalSection
EndGlobal
