
Microsoft Visual Studio Solution File, Format Version 12.00
# Visual Studio 2013
VisualStudioVersion = 12.0.21005.1
MinimumVisualStudioVersion = 10.0.40219.1
Project("{FAE04EC0-301F-11D3-BF4B-00C04F79EFBC}") = "tcpclientwinform", "tcpclientwinform\tcpclientwinform.csproj", "{98875F0A-51F2-4FDF-ACC8-498361F842BF}"
EndProject
Project("{FAE04EC0-301F-11D3-BF4B-00C04F79EFBC}") = "tcpserverwinform", "tcpserverwinform\tcpserverwinform.csproj", "{6E62CBD0-BE75-495F-B045-CC16DC32F10F}"
EndProject
Global
	GlobalSection(SolutionConfigurationPlatforms) = preSolution
		Debug|Any CPU = Debug|Any CPU
		Release|Any CPU = Release|Any CPU
	EndGlobalSection
	GlobalSection(ProjectConfigurationPlatforms) = postSolution
		{98875F0A-51F2-4FDF-ACC8-498361F842BF}.Debug|Any CPU.ActiveCfg = Debug|Any CPU
		{98875F0A-51F2-4FDF-ACC8-498361F842BF}.Debug|Any CPU.Build.0 = Debug|Any CPU
		{98875F0A-51F2-4FDF-ACC8-498361F842BF}.Release|Any CPU.ActiveCfg = Release|Any CPU
		{98875F0A-51F2-4FDF-ACC8-498361F842BF}.Release|Any CPU.Build.0 = Release|Any CPU
		{6E62CBD0-BE75-495F-B045-CC16DC32F10F}.Debug|Any CPU.ActiveCfg = Debug|Any CPU
		{6E62CBD0-BE75-495F-B045-CC16DC32F10F}.Debug|Any CPU.Build.0 = Debug|Any CPU
		{6E62CBD0-BE75-495F-B045-CC16DC32F10F}.Release|Any CPU.ActiveCfg = Release|Any CPU
		{6E62CBD0-BE75-495F-B045-CC16DC32F10F}.Release|Any CPU.Build.0 = Release|Any CPU
	EndGlobalSection
	GlobalSection(SolutionProperties) = preSolution
		HideSolutionNode = FALSE
	EndGlobalSection
EndGlobal
