
Microsoft Visual Studio Solution File, Format Version 12.00
# Visual Studio Version 17
VisualStudioVersion = 17.8.34330.188
MinimumVisualStudioVersion = 10.0.40219.1
Project("{FAE04EC0-301F-11D3-BF4B-00C04F79EFBC}") = "first_week", "first_week\first_week.csproj", "{9DF2A4F0-64DC-4916-9DCF-C724225CD774}"
EndProject
Project("{FAE04EC0-301F-11D3-BF4B-00C04F79EFBC}") = "second_week_curve", "second_week_curve\second_week_curve.csproj", "{47A0E700-2B19-4A93-8ED7-BA3AC842AE87}"
EndProject
Project("{FAE04EC0-301F-11D3-BF4B-00C04F79EFBC}") = "second_week_curveList", "second_week_curveList\second_week_curveList.csproj", "{1E21CAD1-F979-446D-AD56-74008A632879}"
EndProject
Project("{FAE04EC0-301F-11D3-BF4B-00C04F79EFBC}") = "second_week_making_dot", "second_week_making_dot\second_week_making_dot.csproj", "{656C6B31-F7BE-467B-8367-C859B715C99C}"
EndProject
Project("{FAE04EC0-301F-11D3-BF4B-00C04F79EFBC}") = "second_week_making_red_dot", "second_week_making_red_dot\second_week_making_red_dot.csproj", "{EE8B19B5-EE7B-47BF-BE88-EE4EA38FED1A}"
EndProject
Global
	GlobalSection(SolutionConfigurationPlatforms) = preSolution
		Debug|Any CPU = Debug|Any CPU
		Release|Any CPU = Release|Any CPU
	EndGlobalSection
	GlobalSection(ProjectConfigurationPlatforms) = postSolution
		{9DF2A4F0-64DC-4916-9DCF-C724225CD774}.Debug|Any CPU.ActiveCfg = Debug|Any CPU
		{9DF2A4F0-64DC-4916-9DCF-C724225CD774}.Debug|Any CPU.Build.0 = Debug|Any CPU
		{9DF2A4F0-64DC-4916-9DCF-C724225CD774}.Release|Any CPU.ActiveCfg = Release|Any CPU
		{9DF2A4F0-64DC-4916-9DCF-C724225CD774}.Release|Any CPU.Build.0 = Release|Any CPU
		{47A0E700-2B19-4A93-8ED7-BA3AC842AE87}.Debug|Any CPU.ActiveCfg = Debug|Any CPU
		{47A0E700-2B19-4A93-8ED7-BA3AC842AE87}.Debug|Any CPU.Build.0 = Debug|Any CPU
		{47A0E700-2B19-4A93-8ED7-BA3AC842AE87}.Release|Any CPU.ActiveCfg = Release|Any CPU
		{47A0E700-2B19-4A93-8ED7-BA3AC842AE87}.Release|Any CPU.Build.0 = Release|Any CPU
		{1E21CAD1-F979-446D-AD56-74008A632879}.Debug|Any CPU.ActiveCfg = Debug|Any CPU
		{1E21CAD1-F979-446D-AD56-74008A632879}.Debug|Any CPU.Build.0 = Debug|Any CPU
		{1E21CAD1-F979-446D-AD56-74008A632879}.Release|Any CPU.ActiveCfg = Release|Any CPU
		{1E21CAD1-F979-446D-AD56-74008A632879}.Release|Any CPU.Build.0 = Release|Any CPU
		{656C6B31-F7BE-467B-8367-C859B715C99C}.Debug|Any CPU.ActiveCfg = Debug|Any CPU
		{656C6B31-F7BE-467B-8367-C859B715C99C}.Debug|Any CPU.Build.0 = Debug|Any CPU
		{656C6B31-F7BE-467B-8367-C859B715C99C}.Release|Any CPU.ActiveCfg = Release|Any CPU
		{656C6B31-F7BE-467B-8367-C859B715C99C}.Release|Any CPU.Build.0 = Release|Any CPU
		{EE8B19B5-EE7B-47BF-BE88-EE4EA38FED1A}.Debug|Any CPU.ActiveCfg = Debug|Any CPU
		{EE8B19B5-EE7B-47BF-BE88-EE4EA38FED1A}.Debug|Any CPU.Build.0 = Debug|Any CPU
		{EE8B19B5-EE7B-47BF-BE88-EE4EA38FED1A}.Release|Any CPU.ActiveCfg = Release|Any CPU
		{EE8B19B5-EE7B-47BF-BE88-EE4EA38FED1A}.Release|Any CPU.Build.0 = Release|Any CPU
	EndGlobalSection
	GlobalSection(SolutionProperties) = preSolution
		HideSolutionNode = FALSE
	EndGlobalSection
	GlobalSection(ExtensibilityGlobals) = postSolution
		SolutionGuid = {7E4B5182-4060-41E9-A49F-B0BE58EFA407}
	EndGlobalSection
EndGlobal
