Microsoft Visual Studio Solution File, Format Version 10.00
# Visual Studio 2008
Project("{FAE04EC0-301F-11D3-BF4B-00C04F79EFBC}") = "waHistogramProcess", "waHistogramProcess.csproj", "{3CCA470E-B6D5-49CC-A358-2858FE8C5851}"
EndProject
Global
	GlobalSection(SolutionConfigurationPlatforms) = preSolution
		Debug|Any CPU = Debug|Any CPU
		Release|Any CPU = Release|Any CPU
	EndGlobalSection
	GlobalSection(ProjectConfigurationPlatforms) = postSolution
		{3CCA470E-B6D5-49CC-A358-2858FE8C5851}.Debug|Any CPU.ActiveCfg = Debug|Any CPU
		{3CCA470E-B6D5-49CC-A358-2858FE8C5851}.Debug|Any CPU.Build.0 = Debug|Any CPU
		{3CCA470E-B6D5-49CC-A358-2858FE8C5851}.Release|Any CPU.ActiveCfg = Release|Any CPU
		{3CCA470E-B6D5-49CC-A358-2858FE8C5851}.Release|Any CPU.Build.0 = Release|Any CPU
	EndGlobalSection
	GlobalSection(SolutionProperties) = preSolution
		HideSolutionNode = FALSE
	EndGlobalSection
EndGlobal
