
Microsoft Visual Studio Solution File, Format Version 10.00
# Visual Studio 2008
Project("{FAE04EC0-301F-11D3-BF4B-00C04F79EFBC}") = "MetaTest", "MetaTest\MetaTest.csproj", "{EE584907-B708-48C3-BBD6-EF1F32607C4D}"
EndProject
Global
	GlobalSection(SolutionConfigurationPlatforms) = preSolution
		Debug|Any CPU = Debug|Any CPU
		Release|Any CPU = Release|Any CPU
	EndGlobalSection
	GlobalSection(ProjectConfigurationPlatforms) = postSolution
		{EE584907-B708-48C3-BBD6-EF1F32607C4D}.Debug|Any CPU.ActiveCfg = Debug|Any CPU
		{EE584907-B708-48C3-BBD6-EF1F32607C4D}.Debug|Any CPU.Build.0 = Debug|Any CPU
		{EE584907-B708-48C3-BBD6-EF1F32607C4D}.Release|Any CPU.ActiveCfg = Release|Any CPU
		{EE584907-B708-48C3-BBD6-EF1F32607C4D}.Release|Any CPU.Build.0 = Release|Any CPU
	EndGlobalSection
	GlobalSection(SolutionProperties) = preSolution
		HideSolutionNode = FALSE
	EndGlobalSection
EndGlobal
